// !$*UTF8*$!
{
	archiveVersion = 1;
	classes = {
	};
	objectVersion = 55;
	objects = {

/* Begin PBXBuildFile section */
		DB1F13C5282A9A9700C86F43 /* iQuizieApp.swift in Sources */ = {isa = PBXBuildFile; fileRef = DB1F13C4282A9A9700C86F43 /* iQuizieApp.swift */; };
		DB1F13C7282A9A9700C86F43 /* ContentView.swift in Sources */ = {isa = PBXBuildFile; fileRef = DB1F13C6282A9A9700C86F43 /* ContentView.swift */; };
		DB1F13C9282A9A9900C86F43 /* Assets.xcassets in Resources */ = {isa = PBXBuildFile; fileRef = DB1F13C8282A9A9900C86F43 /* Assets.xcassets */; };
		DB1F13CC282A9A9900C86F43 /* Preview Assets.xcassets in Resources */ = {isa = PBXBuildFile; fileRef = DB1F13CB282A9A9900C86F43 /* Preview Assets.xcassets */; };
		DB1F13D6282A9A9900C86F43 /* iQuizieTests.swift in Sources */ = {isa = PBXBuildFile; fileRef = DB1F13D5282A9A9900C86F43 /* iQuizieTests.swift */; };
		DB1F13E0282A9A9900C86F43 /* iQuizieUITests.swift in Sources */ = {isa = PBXBuildFile; fileRef = DB1F13DF282A9A9900C86F43 /* iQuizieUITests.swift */; };
		DB1F13E2282A9A9900C86F43 /* iQuizieUITestsLaunchTests.swift in Sources */ = {isa = PBXBuildFile; fileRef = DB1F13E1282A9A9900C86F43 /* iQuizieUITestsLaunchTests.swift */; };
/* End PBXBuildFile section */

/* Begin PBXContainerItemProxy section */
		DB1F13D2282A9A9900C86F43 /* PBXContainerItemProxy */ = {
			isa = PBXContainerItemProxy;
			containerPortal = DB1F13B9282A9A9700C86F43 /* Project object */;
			proxyType = 1;
			remoteGlobalIDString = DB1F13C0282A9A9700C86F43;
			remoteInfo = iQuizie;
		};
		DB1F13DC282A9A9900C86F43 /* PBXContainerItemProxy */ = {
			isa = PBXContainerItemProxy;
			containerPortal = DB1F13B9282A9A9700C86F43 /* Project object */;
			proxyType = 1;
			remoteGlobalIDString = DB1F13C0282A9A9700C86F43;
			remoteInfo = iQuizie;
		};
/* End PBXContainerItemProxy section */

/* Begin PBXFileReference section */
		DB1F13C1282A9A9700C86F43 /* iQuizie.app */ = {isa = PBXFileReference; explicitFileType = wrapper.application; includeInIndex = 0; path = iQuizie.app; sourceTree = BUILT_PRODUCTS_DIR; };
		DB1F13C4282A9A9700C86F43 /* iQuizieApp.swift */ = {isa = PBXFileReference; lastKnownFileType = sourcecode.swift; path = iQuizieApp.swift; sourceTree = "<group>"; };
		DB1F13C6282A9A9700C86F43 /* ContentView.swift */ = {isa = PBXFileReference; lastKnownFileType = sourcecode.swift; path = ContentView.swift; sourceTree = "<group>"; };
		DB1F13C8282A9A9900C86F43 /* Assets.xcassets */ = {isa = PBXFileReference; lastKnownFileType = folder.assetcatalog; path = Assets.xcassets; sourceTree = "<group>"; };
		DB1F13CB282A9A9900C86F43 /* Preview Assets.xcassets */ = {isa = PBXFileReference; lastKnownFileType = folder.assetcatalog; path = "Preview Assets.xcassets"; sourceTree = "<group>"; };
		DB1F13D1282A9A9900C86F43 /* iQuizieTests.xctest */ = {isa = PBXFileReference; explicitFileType = wrapper.cfbundle; includeInIndex = 0; path = iQuizieTests.xctest; sourceTree = BUILT_PRODUCTS_DIR; };
		DB1F13D5282A9A9900C86F43 /* iQuizieTests.swift */ = {isa = PBXFileReference; lastKnownFileType = sourcecode.swift; path = iQuizieTests.swift; sourceTree = "<group>"; };
		DB1F13DB282A9A9900C86F43 /* iQuizieUITests.xctest */ = {isa = PBXFileReference; explicitFileType = wrapper.cfbundle; includeInIndex = 0; path = iQuizieUITests.xctest; sourceTree = BUILT_PRODUCTS_DIR; };
		DB1F13DF282A9A9900C86F43 /* iQuizieUITests.swift */ = {isa = PBXFileReference; lastKnownFileType = sourcecode.swift; path = iQuizieUITests.swift; sourceTree = "<group>"; };
		DB1F13E1282A9A9900C86F43 /* iQuizieUITestsLaunchTests.swift */ = {isa = PBXFileReference; lastKnownFileType = sourcecode.swift; path = iQuizieUITestsLaunchTests.swift; sourceTree = "<group>"; };
/* End PBXFileReference section */

/* Begin PBXFrameworksBuildPhase section */
		DB1F13BE282A9A9700C86F43 /* Frameworks */ = {
			isa = PBXFrameworksBuildPhase;
			buildActionMask = 2147483647;
			files = (
			);
			runOnlyForDeploymentPostprocessing = 0;
		};
		DB1F13CE282A9A9900C86F43 /* Frameworks */ = {
			isa = PBXFrameworksBuildPhase;
			buildActionMask = 2147483647;
			files = (
			);
			runOnlyForDeploymentPostprocessing = 0;
		};
		DB1F13D8282A9A9900C86F43 /* Frameworks */ = {
			isa = PBXFrameworksBuildPhase;
			buildActionMask = 2147483647;
			files = (
			);
			runOnlyForDeploymentPostprocessing = 0;
		};
/* End PBXFrameworksBuildPhase section */

/* Begin PBXGroup section */
		DB1F13B8282A9A9700C86F43 = {
			isa = PBXGroup;
			children = (
				DB1F13C3282A9A9700C86F43 /* iQuizie */,
				DB1F13D4282A9A9900C86F43 /* iQuizieTests */,
				DB1F13DE282A9A9900C86F43 /* iQuizieUITests */,
				DB1F13C2282A9A9700C86F43 /* Products */,
			);
			sourceTree = "<group>";
		};
		DB1F13C2282A9A9700C86F43 /* Products */ = {
			isa = PBXGroup;
			children = (
				DB1F13C1282A9A9700C86F43 /* iQuizie.app */,
				DB1F13D1282A9A9900C86F43 /* iQuizieTests.xctest */,
				DB1F13DB282A9A9900C86F43 /* iQuizieUITests.xctest */,
			);
			name = Products;
			sourceTree = "<group>";
		};
		DB1F13C3282A9A9700C86F43 /* iQuizie */ = {
			isa = PBXGroup;
			children = (
				DB1F13C4282A9A9700C86F43 /* iQuizieApp.swift */,
				DB1F13C6282A9A9700C86F43 /* ContentView.swift */,
				DB1F13C8282A9A9900C86F43 /* Assets.xcassets */,
				DB1F13CA282A9A9900C86F43 /* Preview Content */,
			);
			path = iQuizie;
			sourceTree = "<group>";
		};
		DB1F13CA282A9A9900C86F43 /* Preview Content */ = {
			isa = PBXGroup;
			children = (
				DB1F13CB282A9A9900C86F43 /* Preview Assets.xcassets */,
			);
			path = "Preview Content";
			sourceTree = "<group>";
		};
		DB1F13D4282A9A9900C86F43 /* iQuizieTests */ = {
			isa = PBXGroup;
			children = (
				DB1F13D5282A9A9900C86F43 /* iQuizieTests.swift */,
			);
			path = iQuizieTests;
			sourceTree = "<group>";
		};
		DB1F13DE282A9A9900C86F43 /* iQuizieUITests */ = {
			isa = PBXGroup;
			children = (
				DB1F13DF282A9A9900C86F43 /* iQuizieUITests.swift */,
				DB1F13E1282A9A9900C86F43 /* iQuizieUITestsLaunchTests.swift */,
			);
			path = iQuizieUITests;
			sourceTree = "<group>";
		};
/* End PBXGroup section */

/* Begin PBXNativeTarget section */
		DB1F13C0282A9A9700C86F43 /* iQuizie */ = {
			isa = PBXNativeTarget;
			buildConfigurationList = DB1F13E5282A9A9900C86F43 /* Build configuration list for PBXNativeTarget "iQuizie" */;
			buildPhases = (
				DB1F13BD282A9A9700C86F43 /* Sources */,
				DB1F13BE282A9A9700C86F43 /* Frameworks */,
				DB1F13BF282A9A9700C86F43 /* Resources */,
			);
			buildRules = (
			);
			dependencies = (
			);
			name = iQuizie;
			productName = iQuizie;
			productReference = DB1F13C1282A9A9700C86F43 /* iQuizie.app */;
			productType = "com.apple.product-type.application";
		};
		DB1F13D0282A9A9900C86F43 /* iQuizieTests */ = {
			isa = PBXNativeTarget;
			buildConfigurationList = DB1F13E8282A9A9900C86F43 /* Build configuration list for PBXNativeTarget "iQuizieTests" */;
			buildPhases = (
				DB1F13CD282A9A9900C86F43 /* Sources */,
				DB1F13CE282A9A9900C86F43 /* Frameworks */,
				DB1F13CF282A9A9900C86F43 /* Resources */,
			);
			buildRules = (
			);
			dependencies = (
				DB1F13D3282A9A9900C86F43 /* PBXTargetDependency */,
			);
			name = iQuizieTests;
			productName = iQuizieTests;
			productReference = DB1F13D1282A9A9900C86F43 /* iQuizieTests.xctest */;
			productType = "com.apple.product-type.bundle.unit-test";
		};
		DB1F13DA282A9A9900C86F43 /* iQuizieUITests */ = {
			isa = PBXNativeTarget;
			buildConfigurationList = DB1F13EB282A9A9900C86F43 /* Build configuration list for PBXNativeTarget "iQuizieUITests" */;
			buildPhases = (
				DB1F13D7282A9A9900C86F43 /* Sources */,
				DB1F13D8282A9A9900C86F43 /* Frameworks */,
				DB1F13D9282A9A9900C86F43 /* Resources */,
			);
			buildRules = (
			);
			dependencies = (
				DB1F13DD282A9A9900C86F43 /* PBXTargetDependency */,
			);
			name = iQuizieUITests;
			productName = iQuizieUITests;
			productReference = DB1F13DB282A9A9900C86F43 /* iQuizieUITests.xctest */;
			productType = "com.apple.product-type.bundle.ui-testing";
		};
/* End PBXNativeTarget section */

/* Begin PBXProject section */
		DB1F13B9282A9A9700C86F43 /* Project object */ = {
			isa = PBXProject;
			attributes = {
				BuildIndependentTargetsInParallel = 1;
				LastSwiftUpdateCheck = 1330;
				LastUpgradeCheck = 1330;
				TargetAttributes = {
					DB1F13C0282A9A9700C86F43 = {
						CreatedOnToolsVersion = 13.3;
					};
					DB1F13D0282A9A9900C86F43 = {
						CreatedOnToolsVersion = 13.3;
						TestTargetID = DB1F13C0282A9A9700C86F43;
					};
					DB1F13DA282A9A9900C86F43 = {
						CreatedOnToolsVersion = 13.3;
						TestTargetID = DB1F13C0282A9A9700C86F43;
					};
				};
			};
			buildConfigurationList = DB1F13BC282A9A9700C86F43 /* Build configuration list for PBXProject "iQuizie" */;
			compatibilityVersion = "Xcode 13.0";
			developmentRegion = en;
			hasScannedForEncodings = 0;
			knownRegions = (
				en,
				Base,
			);
			mainGroup = DB1F13B8282A9A9700C86F43;
			productRefGroup = DB1F13C2282A9A9700C86F43 /* Products */;
			projectDirPath = "";
			projectRoot = "";
			targets = (
				DB1F13C0282A9A9700C86F43 /* iQuizie */,
				DB1F13D0282A9A9900C86F43 /* iQuizieTests */,
				DB1F13DA282A9A9900C86F43 /* iQuizieUITests */,
			);
		};
/* End PBXProject section */

/* Begin PBXResourcesBuildPhase section */
		DB1F13BF282A9A9700C86F43 /* Resources */ = {
			isa = PBXResourcesBuildPhase;
			buildActionMask = 2147483647;
			files = (
				DB1F13CC282A9A9900C86F43 /* Preview Assets.xcassets in Resources */,
				DB1F13C9282A9A9900C86F43 /* Assets.xcassets in Resources */,
			);
			runOnlyForDeploymentPostprocessing = 0;
		};
		DB1F13CF282A9A9900C86F43 /* Resources */ = {
			isa = PBXResourcesBuildPhase;
			buildActionMask = 2147483647;
			files = (
			);
			runOnlyForDeploymentPostprocessing = 0;
		};
		DB1F13D9282A9A9900C86F43 /* Resources */ = {
			isa = PBXResourcesBuildPhase;
			buildActionMask = 2147483647;
			files = (
			);
			runOnlyForDeploymentPostprocessing = 0;
		};
/* End PBXResourcesBuildPhase section */

/* Begin PBXSourcesBuildPhase section */
		DB1F13BD282A9A9700C86F43 /* Sources */ = {
			isa = PBXSourcesBuildPhase;
			buildActionMask = 2147483647;
			files = (
				DB1F13C7282A9A9700C86F43 /* ContentView.swift in Sources */,
				DB1F13C5282A9A9700C86F43 /* iQuizieApp.swift in Sources */,
			);
			runOnlyForDeploymentPostprocessing = 0;
		};
		DB1F13CD282A9A9900C86F43 /* Sources */ = {
			isa = PBXSourcesBuildPhase;
			buildActionMask = 2147483647;
			files = (
				DB1F13D6282A9A9900C86F43 /* iQuizieTests.swift in Sources */,
			);
			runOnlyForDeploymentPostprocessing = 0;
		};
		DB1F13D7282A9A9900C86F43 /* Sources */ = {
			isa = PBXSourcesBuildPhase;
			buildActionMask = 2147483647;
			files = (
				DB1F13E0282A9A9900C86F43 /* iQuizieUITests.swift in Sources */,
				DB1F13E2282A9A9900C86F43 /* iQuizieUITestsLaunchTests.swift in Sources */,
			);
			runOnlyForDeploymentPostprocessing = 0;
		};
/* End PBXSourcesBuildPhase section */

/* Begin PBXTargetDependency section */
		DB1F13D3282A9A9900C86F43 /* PBXTargetDependency */ = {
			isa = PBXTargetDependency;
			target = DB1F13C0282A9A9700C86F43 /* iQuizie */;
			targetProxy = DB1F13D2282A9A9900C86F43 /* PBXContainerItemProxy */;
		};
		DB1F13DD282A9A9900C86F43 /* PBXTargetDependency */ = {
			isa = PBXTargetDependency;
			target = DB1F13C0282A9A9700C86F43 /* iQuizie */;
			targetProxy = DB1F13DC282A9A9900C86F43 /* PBXContainerItemProxy */;
		};
/* End PBXTargetDependency section */

/* Begin XCBuildConfiguration section */
		DB1F13E3282A9A9900C86F43 /* Debug */ = {
			isa = XCBuildConfiguration;
			buildSettings = {
				ALWAYS_SEARCH_USER_PATHS = NO;
				CLANG_ANALYZER_NONNULL = YES;
				CLANG_ANALYZER_NUMBER_OBJECT_CONVERSION = YES_AGGRESSIVE;
				CLANG_CXX_LANGUAGE_STANDARD = "gnu++17";
				CLANG_ENABLE_MODULES = YES;
				CLANG_ENABLE_OBJC_ARC = YES;
				CLANG_ENABLE_OBJC_WEAK = YES;
				CLANG_WARN_BLOCK_CAPTURE_AUTORELEASING = YES;
				CLANG_WARN_BOOL_CONVERSION = YES;
				CLANG_WARN_COMMA = YES;
				CLANG_WARN_CONSTANT_CONVERSION = YES;
				CLANG_WARN_DEPRECATED_OBJC_IMPLEMENTATIONS = YES;
				CLANG_WARN_DIRECT_OBJC_ISA_USAGE = YES_ERROR;
				CLANG_WARN_DOCUMENTATION_COMMENTS = YES;
				CLANG_WARN_EMPTY_BODY = YES;
				CLANG_WARN_ENUM_CONVERSION = YES;
				CLANG_WARN_INFINITE_RECURSION = YES;
				CLANG_WARN_INT_CONVERSION = YES;
				CLANG_WARN_NON_LITERAL_NULL_CONVERSION = YES;
				CLANG_WARN_OBJC_IMPLICIT_RETAIN_SELF = YES;
				CLANG_WARN_OBJC_LITERAL_CONVERSION = YES;
				CLANG_WARN_OBJC_ROOT_CLASS = YES_ERROR;
				CLANG_WARN_QUOTED_INCLUDE_IN_FRAMEWORK_HEADER = YES;
				CLANG_WARN_RANGE_LOOP_ANALYSIS = YES;
				CLANG_WARN_STRICT_PROTOTYPES = YES;
				CLANG_WARN_SUSPICIOUS_MOVE = YES;
				CLANG_WARN_UNGUARDED_AVAILABILITY = YES_AGGRESSIVE;
				CLANG_WARN_UNREACHABLE_CODE = YES;
				CLANG_WARN__DUPLICATE_METHOD_MATCH = YES;
				COPY_PHASE_STRIP = NO;
				DEBUG_INFORMATION_FORMAT = dwarf;
				ENABLE_STRICT_OBJC_MSGSEND = YES;
				ENABLE_TESTABILITY = YES;
				GCC_C_LANGUAGE_STANDARD = gnu11;
				GCC_DYNAMIC_NO_PIC = NO;
				GCC_NO_COMMON_BLOCKS = YES;
				GCC_OPTIMIZATION_LEVEL = 0;
				GCC_PREPROCESSOR_DEFINITIONS = (
					"DEBUG=1",
					"$(inherited)",
				);
				GCC_WARN_64_TO_32_BIT_CONVERSION = YES;
				GCC_WARN_ABOUT_RETURN_TYPE = YES_ERROR;
				GCC_WARN_UNDECLARED_SELECTOR = YES;
				GCC_WARN_UNINITIALIZED_AUTOS = YES_AGGRESSIVE;
				GCC_WARN_UNUSED_FUNCTION = YES;
				GCC_WARN_UNUSED_VARIABLE = YES;
				IPHONEOS_DEPLOYMENT_TARGET = 15.4;
				MTL_ENABLE_DEBUG_INFO = INCLUDE_SOURCE;
				MTL_FAST_MATH = YES;
				ONLY_ACTIVE_ARCH = YES;
				SDKROOT = iphoneos;
				SWIFT_ACTIVE_COMPILATION_CONDITIONS = DEBUG;
				SWIFT_OPTIMIZATION_LEVEL = "-Onone";
			};
			name = Debug;
		};
		DB1F13E4282A9A9900C86F43 /* Release */ = {
			isa = XCBuildConfiguration;
			buildSettings = {
				ALWAYS_SEARCH_USER_PATHS = NO;
				CLANG_ANALYZER_NONNULL = YES;
				CLANG_ANALYZER_NUMBER_OBJECT_CONVERSION = YES_AGGRESSIVE;
				CLANG_CXX_LANGUAGE_STANDARD = "gnu++17";
				CLANG_ENABLE_MODULES = YES;
				CLANG_ENABLE_OBJC_ARC = YES;
				CLANG_ENABLE_OBJC_WEAK = YES;
				CLANG_WARN_BLOCK_CAPTURE_AUTORELEASING = YES;
				CLANG_WARN_BOOL_CONVERSION = YES;
				CLANG_WARN_COMMA = YES;
				CLANG_WARN_CONSTANT_CONVERSION = YES;
				CLANG_WARN_DEPRECATED_OBJC_IMPLEMENTATIONS = YES;
				CLANG_WARN_DIRECT_OBJC_ISA_USAGE = YES_ERROR;
				CLANG_WARN_DOCUMENTATION_COMMENTS = YES;
				CLANG_WARN_EMPTY_BODY = YES;
				CLANG_WARN_ENUM_CONVERSION = YES;
				CLANG_WARN_INFINITE_RECURSION = YES;
				CLANG_WARN_INT_CONVERSION = YES;
				CLANG_WARN_NON_LITERAL_NULL_CONVERSION = YES;
				CLANG_WARN_OBJC_IMPLICIT_RETAIN_SELF = YES;
				CLANG_WARN_OBJC_LITERAL_CONVERSION = YES;
				CLANG_WARN_OBJC_ROOT_CLASS = YES_ERROR;
				CLANG_WARN_QUOTED_INCLUDE_IN_FRAMEWORK_HEADER = YES;
				CLANG_WARN_RANGE_LOOP_ANALYSIS = YES;
				CLANG_WARN_STRICT_PROTOTYPES = YES;
				CLANG_WARN_SUSPICIOUS_MOVE = YES;
				CLANG_WARN_UNGUARDED_AVAILABILITY = YES_AGGRESSIVE;
				CLANG_WARN_UNREACHABLE_CODE = YES;
				CLANG_WARN__DUPLICATE_METHOD_MATCH = YES;
				COPY_PHASE_STRIP = NO;
				DEBUG_INFORMATION_FORMAT = "dwarf-with-dsym";
				ENABLE_NS_ASSERTIONS = NO;
				ENABLE_STRICT_OBJC_MSGSEND = YES;
				GCC_C_LANGUAGE_STANDARD = gnu11;
				GCC_NO_COMMON_BLOCKS = YES;
				GCC_WARN_64_TO_32_BIT_CONVERSION = YES;
				GCC_WARN_ABOUT_RETURN_TYPE = YES_ERROR;
				GCC_WARN_UNDECLARED_SELECTOR = YES;
				GCC_WARN_UNINITIALIZED_AUTOS = YES_AGGRESSIVE;
				GCC_WARN_UNUSED_FUNCTION = YES;
				GCC_WARN_UNUSED_VARIABLE = YES;
				IPHONEOS_DEPLOYMENT_TARGET = 15.4;
				MTL_ENABLE_DEBUG_INFO = NO;
				MTL_FAST_MATH = YES;
				SDKROOT = iphoneos;
				SWIFT_COMPILATION_MODE = wholemodule;
				SWIFT_OPTIMIZATION_LEVEL = "-O";
				VALIDATE_PRODUCT = YES;
			};
			name = Release;
		};
		DB1F13E6282A9A9900C86F43 /* Debug */ = {
			isa = XCBuildConfiguration;
			buildSettings = {
				ASSETCATALOG_COMPILER_APPICON_NAME = AppIcon;
				ASSETCATALOG_COMPILER_GLOBAL_ACCENT_COLOR_NAME = AccentColor;
				CODE_SIGN_STYLE = Automatic;
				CURRENT_PROJECT_VERSION = 1;
				DEVELOPMENT_ASSET_PATHS = "\"iQuizie/Preview Content\"";
				DEVELOPMENT_TEAM = 35HWH8998P;
				ENABLE_PREVIEWS = YES;
				GENERATE_INFOPLIST_FILE = YES;
				INFOPLIST_KEY_UIApplicationSceneManifest_Generation = YES;
				INFOPLIST_KEY_UIApplicationSupportsIndirectInputEvents = YES;
				INFOPLIST_KEY_UILaunchScreen_Generation = YES;
				INFOPLIST_KEY_UISupportedInterfaceOrientations_iPad = "UIInterfaceOrientationPortrait UIInterfaceOrientationPortraitUpsideDown UIInterfaceOrientationLandscapeLeft UIInterfaceOrientationLandscapeRight";
				INFOPLIST_KEY_UISupportedInterfaceOrientations_iPhone = "UIInterfaceOrientationPortrait UIInterfaceOrientationLandscapeLeft UIInterfaceOrientationLandscapeRight";
				LD_RUNPATH_SEARCH_PATHS = (
					"$(inherited)",
					"@executable_path/Frameworks",
				);
				MARKETING_VERSION = 1.0;
				PRODUCT_BUNDLE_IDENTIFIER = com.israelma.iQuizie;
				PRODUCT_NAME = "$(TARGET_NAME)";
				SWIFT_EMIT_LOC_STRINGS = YES;
				SWIFT_VERSION = 5.0;
				TARGETED_DEVICE_FAMILY = "1,2";
			};
			name = Debug;
		};
		DB1F13E7282A9A9900C86F43 /* Release */ = {
			isa = XCBuildConfiguration;
			buildSettings = {
				ASSETCATALOG_COMPILER_APPICON_NAME = AppIcon;
				ASSETCATALOG_COMPILER_GLOBAL_ACCENT_COLOR_NAME = AccentColor;
				CODE_SIGN_STYLE = Automatic;
				CURRENT_PROJECT_VERSION = 1;
				DEVELOPMENT_ASSET_PATHS = "\"iQuizie/Preview Content\"";
				DEVELOPMENT_TEAM = 35HWH8998P;
				ENABLE_PREVIEWS = YES;
				GENERATE_INFOPLIST_FILE = YES;
				INFOPLIST_KEY_UIApplicationSceneManifest_Generation = YES;
				INFOPLIST_KEY_UIApplicationSupportsIndirectInputEvents = YES;
				INFOPLIST_KEY_UILaunchScreen_Generation = YES;
				INFOPLIST_KEY_UISupportedInterfaceOrientations_iPad = "UIInterfaceOrientationPortrait UIInterfaceOrientationPortraitUpsideDown UIInterfaceOrientationLandscapeLeft UIInterfaceOrientationLandscapeRight";
				INFOPLIST_KEY_UISupportedInterfaceOrientations_iPhone = "UIInterfaceOrientationPortrait UIInterfaceOrientationLandscapeLeft UIInterfaceOrientationLandscapeRight";
				LD_RUNPATH_SEARCH_PATHS = (
					"$(inherited)",
					"@executable_path/Frameworks",
				);
				MARKETING_VERSION = 1.0;
				PRODUCT_BUNDLE_IDENTIFIER = com.israelma.iQuizie;
				PRODUCT_NAME = "$(TARGET_NAME)";
				SWIFT_EMIT_LOC_STRINGS = YES;
				SWIFT_VERSION = 5.0;
				TARGETED_DEVICE_FAMILY = "1,2";
			};
			name = Release;
		};
		DB1F13E9282A9A9900C86F43 /* Debug */ = {
			isa = XCBuildConfiguration;
			buildSettings = {
				ALWAYS_EMBED_SWIFT_STANDARD_LIBRARIES = YES;
				BUNDLE_LOADER = "$(TEST_HOST)";
				CODE_SIGN_STYLE = Automatic;
				CURRENT_PROJECT_VERSION = 1;
				DEVELOPMENT_TEAM = 35HWH8998P;
				GENERATE_INFOPLIST_FILE = YES;
				IPHONEOS_DEPLOYMENT_TARGET = 15.4;
				MARKETING_VERSION = 1.0;
				PRODUCT_BUNDLE_IDENTIFIER = com.israelma.iQuizieTests;
				PRODUCT_NAME = "$(TARGET_NAME)";
				SWIFT_EMIT_LOC_STRINGS = NO;
				SWIFT_VERSION = 5.0;
				TARGETED_DEVICE_FAMILY = "1,2";
				TEST_HOST = "$(BUILT_PRODUCTS_DIR)/iQuizie.app/iQuizie";
			};
			name = Debug;
		};
		DB1F13EA282A9A9900C86F43 /* Release */ = {
			isa = XCBuildConfiguration;
			buildSettings = {
				ALWAYS_EMBED_SWIFT_STANDARD_LIBRARIES = YES;
				BUNDLE_LOADER = "$(TEST_HOST)";
				CODE_SIGN_STYLE = Automatic;
				CURRENT_PROJECT_VERSION = 1;
				DEVELOPMENT_TEAM = 35HWH8998P;
				GENERATE_INFOPLIST_FILE = YES;
				IPHONEOS_DEPLOYMENT_TARGET = 15.4;
				MARKETING_VERSION = 1.0;
				PRODUCT_BUNDLE_IDENTIFIER = com.israelma.iQuizieTests;
				PRODUCT_NAME = "$(TARGET_NAME)";
				SWIFT_EMIT_LOC_STRINGS = NO;
				SWIFT_VERSION = 5.0;
				TARGETED_DEVICE_FAMILY = "1,2";
				TEST_HOST = "$(BUILT_PRODUCTS_DIR)/iQuizie.app/iQuizie";
			};
			name = Release;
		};
		DB1F13EC282A9A9900C86F43 /* Debug */ = {
			isa = XCBuildConfiguration;
			buildSettings = {
				ALWAYS_EMBED_SWIFT_STANDARD_LIBRARIES = YES;
				CODE_SIGN_STYLE = Automatic;
				CURRENT_PROJECT_VERSION = 1;
				DEVELOPMENT_TEAM = 35HWH8998P;
				GENERATE_INFOPLIST_FILE = YES;
				MARKETING_VERSION = 1.0;
				PRODUCT_BUNDLE_IDENTIFIER = com.israelma.iQuizieUITests;
				PRODUCT_NAME = "$(TARGET_NAME)";
				SWIFT_EMIT_LOC_STRINGS = NO;
				SWIFT_VERSION = 5.0;
				TARGETED_DEVICE_FAMILY = "1,2";
				TEST_TARGET_NAME = iQuizie;
			};
			name = Debug;
		};
		DB1F13ED282A9A9900C86F43 /* Release */ = {
			isa = XCBuildConfiguration;
			buildSettings = {
				ALWAYS_EMBED_SWIFT_STANDARD_LIBRARIES = YES;
				CODE_SIGN_STYLE = Automatic;
				CURRENT_PROJECT_VERSION = 1;
				DEVELOPMENT_TEAM = 35HWH8998P;
				GENERATE_INFOPLIST_FILE = YES;
				MARKETING_VERSION = 1.0;
				PRODUCT_BUNDLE_IDENTIFIER = com.israelma.iQuizieUITests;
				PRODUCT_NAME = "$(TARGET_NAME)";
				SWIFT_EMIT_LOC_STRINGS = NO;
				SWIFT_VERSION = 5.0;
				TARGETED_DEVICE_FAMILY = "1,2";
				TEST_TARGET_NAME = iQuizie;
			};
			name = Release;
		};
/* End XCBuildConfiguration section */

/* Begin XCConfigurationList section */
		DB1F13BC282A9A9700C86F43 /* Build configuration list for PBXProject "iQuizie" */ = {
			isa = XCConfigurationList;
			buildConfigurations = (
				DB1F13E3282A9A9900C86F43 /* Debug */,
				DB1F13E4282A9A9900C86F43 /* Release */,
			);
			defaultConfigurationIsVisible = 0;
			defaultConfigurationName = Release;
		};
		DB1F13E5282A9A9900C86F43 /* Build configuration list for PBXNativeTarget "iQuizie" */ = {
			isa = XCConfigurationList;
			buildConfigurations = (
				DB1F13E6282A9A9900C86F43 /* Debug */,
				DB1F13E7282A9A9900C86F43 /* Release */,
			);
			defaultConfigurationIsVisible = 0;
			defaultConfigurationName = Release;
		};
		DB1F13E8282A9A9900C86F43 /* Build configuration list for PBXNativeTarget "iQuizieTests" */ = {
			isa = XCConfigurationList;
			buildConfigurations = (
				DB1F13E9282A9A9900C86F43 /* Debug */,
				DB1F13EA282A9A9900C86F43 /* Release */,
			);
			defaultConfigurationIsVisible = 0;
			defaultConfigurationName = Release;
		};
		DB1F13EB282A9A9900C86F43 /* Build configuration list for PBXNativeTarget "iQuizieUITests" */ = {
			isa = XCConfigurationList;
			buildConfigurations = (
				DB1F13EC282A9A9900C86F43 /* Debug */,
				DB1F13ED282A9A9900C86F43 /* Release */,
			);
			defaultConfigurationIsVisible = 0;
			defaultConfigurationName = Release;
		};
/* End XCConfigurationList section */
	};
	rootObject = DB1F13B9282A9A9700C86F43 /* Project object */;
}
