// !$*UTF8*$!
{
	archiveVersion = 1;
	classes = {
	};
	objectVersion = 55;
	objects = {

/* Begin PBXBuildFile section */
		DB1F13FD282AA2D200C86F43 /* iQuizApp.swift in Sources */ = {isa = PBXBuildFile; fileRef = DB1F13FC282AA2D200C86F43 /* iQuizApp.swift */; };
		DB1F13FF282AA2D200C86F43 /* ContentView.swift in Sources */ = {isa = PBXBuildFile; fileRef = DB1F13FE282AA2D200C86F43 /* ContentView.swift */; };
		DB1F1401282AA2D400C86F43 /* Assets.xcassets in Resources */ = {isa = PBXBuildFile; fileRef = DB1F1400282AA2D400C86F43 /* Assets.xcassets */; };
		DB1F1404282AA2D400C86F43 /* Preview Assets.xcassets in Resources */ = {isa = PBXBuildFile; fileRef = DB1F1403282AA2D400C86F43 /* Preview Assets.xcassets */; };
		DB1F140E282AA2D400C86F43 /* iQuizTests.swift in Sources */ = {isa = PBXBuildFile; fileRef = DB1F140D282AA2D400C86F43 /* iQuizTests.swift */; };
		DB1F1418282AA2D400C86F43 /* iQuizUITests.swift in Sources */ = {isa = PBXBuildFile; fileRef = DB1F1417282AA2D400C86F43 /* iQuizUITests.swift */; };
		DB1F141A282AA2D400C86F43 /* iQuizUITestsLaunchTests.swift in Sources */ = {isa = PBXBuildFile; fileRef = DB1F1419282AA2D400C86F43 /* iQuizUITestsLaunchTests.swift */; };
		DB1F142A282AA41700C86F43 /* Quiz.swift in Sources */ = {isa = PBXBuildFile; fileRef = DB1F1429282AA41700C86F43 /* Quiz.swift */; };
		DB1F142E282AA4C500C86F43 /* TableQuizView.swift in Sources */ = {isa = PBXBuildFile; fileRef = DB1F142D282AA4C500C86F43 /* TableQuizView.swift */; };
		DB742A3A282D1F1000A53D8D /* Question.swift in Sources */ = {isa = PBXBuildFile; fileRef = DB742A39282D1F1000A53D8D /* Question.swift */; };
		DB742A3C282D1FFF00A53D8D /* Quzzies.swift in Sources */ = {isa = PBXBuildFile; fileRef = DB742A3B282D1FFF00A53D8D /* Quzzies.swift */; };
		DB742A3E282D35BD00A53D8D /* QuizView.swift in Sources */ = {isa = PBXBuildFile; fileRef = DB742A3D282D35BD00A53D8D /* QuizView.swift */; };
		DB742A40282D42B500A53D8D /* QuestionViews.swift in Sources */ = {isa = PBXBuildFile; fileRef = DB742A3F282D42B500A53D8D /* QuestionViews.swift */; };
/* End PBXBuildFile section */

/* Begin PBXContainerItemProxy section */
		DB1F140A282AA2D400C86F43 /* PBXContainerItemProxy */ = {
			isa = PBXContainerItemProxy;
			containerPortal = DB1F13F1282AA2D200C86F43 /* Project object */;
			proxyType = 1;
			remoteGlobalIDString = DB1F13F8282AA2D200C86F43;
			remoteInfo = iQuiz;
		};
		DB1F1414282AA2D400C86F43 /* PBXContainerItemProxy */ = {
			isa = PBXContainerItemProxy;
			containerPortal = DB1F13F1282AA2D200C86F43 /* Project object */;
			proxyType = 1;
			remoteGlobalIDString = DB1F13F8282AA2D200C86F43;
			remoteInfo = iQuiz;
		};
/* End PBXContainerItemProxy section */

/* Begin PBXFileReference section */
		DB1F13F9282AA2D200C86F43 /* iQuiz.app */ = {isa = PBXFileReference; explicitFileType = wrapper.application; includeInIndex = 0; path = iQuiz.app; sourceTree = BUILT_PRODUCTS_DIR; };
		DB1F13FC282AA2D200C86F43 /* iQuizApp.swift */ = {isa = PBXFileReference; lastKnownFileType = sourcecode.swift; path = iQuizApp.swift; sourceTree = "<group>"; };
		DB1F13FE282AA2D200C86F43 /* ContentView.swift */ = {isa = PBXFileReference; lastKnownFileType = sourcecode.swift; path = ContentView.swift; sourceTree = "<group>"; };
		DB1F1400282AA2D400C86F43 /* Assets.xcassets */ = {isa = PBXFileReference; lastKnownFileType = folder.assetcatalog; path = Assets.xcassets; sourceTree = "<group>"; };
		DB1F1403282AA2D400C86F43 /* Preview Assets.xcassets */ = {isa = PBXFileReference; lastKnownFileType = folder.assetcatalog; path = "Preview Assets.xcassets"; sourceTree = "<group>"; };
		DB1F1409282AA2D400C86F43 /* iQuizTests.xctest */ = {isa = PBXFileReference; explicitFileType = wrapper.cfbundle; includeInIndex = 0; path = iQuizTests.xctest; sourceTree = BUILT_PRODUCTS_DIR; };
		DB1F140D282AA2D400C86F43 /* iQuizTests.swift */ = {isa = PBXFileReference; lastKnownFileType = sourcecode.swift; path = iQuizTests.swift; sourceTree = "<group>"; };
		DB1F1413282AA2D400C86F43 /* iQuizUITests.xctest */ = {isa = PBXFileReference; explicitFileType = wrapper.cfbundle; includeInIndex = 0; path = iQuizUITests.xctest; sourceTree = BUILT_PRODUCTS_DIR; };
		DB1F1417282AA2D400C86F43 /* iQuizUITests.swift */ = {isa = PBXFileReference; lastKnownFileType = sourcecode.swift; path = iQuizUITests.swift; sourceTree = "<group>"; };
		DB1F1419282AA2D400C86F43 /* iQuizUITestsLaunchTests.swift */ = {isa = PBXFileReference; lastKnownFileType = sourcecode.swift; path = iQuizUITestsLaunchTests.swift; sourceTree = "<group>"; };
		DB1F1429282AA41700C86F43 /* Quiz.swift */ = {isa = PBXFileReference; lastKnownFileType = sourcecode.swift; path = Quiz.swift; sourceTree = "<group>"; };
		DB1F142D282AA4C500C86F43 /* TableQuizView.swift */ = {isa = PBXFileReference; lastKnownFileType = sourcecode.swift; path = TableQuizView.swift; sourceTree = "<group>"; };
		DB742A39282D1F1000A53D8D /* Question.swift */ = {isa = PBXFileReference; lastKnownFileType = sourcecode.swift; name = Question.swift; path = ../../../../../temp/iQuiz/Model/Question.swift; sourceTree = "<group>"; };
		DB742A3B282D1FFF00A53D8D /* Quzzies.swift */ = {isa = PBXFileReference; lastKnownFileType = sourcecode.swift; path = Quzzies.swift; sourceTree = "<group>"; };
		DB742A3D282D35BD00A53D8D /* QuizView.swift */ = {isa = PBXFileReference; lastKnownFileType = sourcecode.swift; path = QuizView.swift; sourceTree = "<group>"; };
		DB742A3F282D42B500A53D8D /* QuestionViews.swift */ = {isa = PBXFileReference; lastKnownFileType = sourcecode.swift; path = QuestionViews.swift; sourceTree = "<group>"; };
/* End PBXFileReference section */

/* Begin PBXFrameworksBuildPhase section */
		DB1F13F6282AA2D200C86F43 /* Frameworks */ = {
			isa = PBXFrameworksBuildPhase;
			buildActionMask = 2147483647;
			files = (
			);
			runOnlyForDeploymentPostprocessing = 0;
		};
		DB1F1406282AA2D400C86F43 /* Frameworks */ = {
			isa = PBXFrameworksBuildPhase;
			buildActionMask = 2147483647;
			files = (
			);
			runOnlyForDeploymentPostprocessing = 0;
		};
		DB1F1410282AA2D400C86F43 /* Frameworks */ = {
			isa = PBXFrameworksBuildPhase;
			buildActionMask = 2147483647;
			files = (
			);
			runOnlyForDeploymentPostprocessing = 0;
		};
/* End PBXFrameworksBuildPhase section */

/* Begin PBXGroup section */
		DB1F13F0282AA2D200C86F43 = {
			isa = PBXGroup;
			children = (
				DB1F13FB282AA2D200C86F43 /* iQuiz */,
				DB1F140C282AA2D400C86F43 /* iQuizTests */,
				DB1F1416282AA2D400C86F43 /* iQuizUITests */,
				DB1F13FA282AA2D200C86F43 /* Products */,
			);
			sourceTree = "<group>";
		};
		DB1F13FA282AA2D200C86F43 /* Products */ = {
			isa = PBXGroup;
			children = (
				DB1F13F9282AA2D200C86F43 /* iQuiz.app */,
				DB1F1409282AA2D400C86F43 /* iQuizTests.xctest */,
				DB1F1413282AA2D400C86F43 /* iQuizUITests.xctest */,
			);
			name = Products;
			sourceTree = "<group>";
		};
		DB1F13FB282AA2D200C86F43 /* iQuiz */ = {
			isa = PBXGroup;
			children = (
				DB1F1426282AA3C000C86F43 /* Model */,
				DB1F13FC282AA2D200C86F43 /* iQuizApp.swift */,
				DB1F13FE282AA2D200C86F43 /* ContentView.swift */,
				DB1F142D282AA4C500C86F43 /* TableQuizView.swift */,
				DB1F1400282AA2D400C86F43 /* Assets.xcassets */,
				DB1F1402282AA2D400C86F43 /* Preview Content */,
				DB742A3D282D35BD00A53D8D /* QuizView.swift */,
				DB742A3F282D42B500A53D8D /* QuestionViews.swift */,
			);
			path = iQuiz;
			sourceTree = "<group>";
		};
		DB1F1402282AA2D400C86F43 /* Preview Content */ = {
			isa = PBXGroup;
			children = (
				DB1F1403282AA2D400C86F43 /* Preview Assets.xcassets */,
			);
			path = "Preview Content";
			sourceTree = "<group>";
		};
		DB1F140C282AA2D400C86F43 /* iQuizTests */ = {
			isa = PBXGroup;
			children = (
				DB1F140D282AA2D400C86F43 /* iQuizTests.swift */,
			);
			path = iQuizTests;
			sourceTree = "<group>";
		};
		DB1F1416282AA2D400C86F43 /* iQuizUITests */ = {
			isa = PBXGroup;
			children = (
				DB1F1417282AA2D400C86F43 /* iQuizUITests.swift */,
				DB1F1419282AA2D400C86F43 /* iQuizUITestsLaunchTests.swift */,
			);
			path = iQuizUITests;
			sourceTree = "<group>";
		};
		DB1F1426282AA3C000C86F43 /* Model */ = {
			isa = PBXGroup;
			children = (
				DB1F1429282AA41700C86F43 /* Quiz.swift */,
				DB742A39282D1F1000A53D8D /* Question.swift */,
				DB742A3B282D1FFF00A53D8D /* Quzzies.swift */,
			);
			path = Model;
			sourceTree = "<group>";
		};
/* End PBXGroup section */

/* Begin PBXNativeTarget section */
		DB1F13F8282AA2D200C86F43 /* iQuiz */ = {
			isa = PBXNativeTarget;
			buildConfigurationList = DB1F141D282AA2D400C86F43 /* Build configuration list for PBXNativeTarget "iQuiz" */;
			buildPhases = (
				DB1F13F5282AA2D200C86F43 /* Sources */,
				DB1F13F6282AA2D200C86F43 /* Frameworks */,
				DB1F13F7282AA2D200C86F43 /* Resources */,
			);
			buildRules = (
			);
			dependencies = (
			);
			name = iQuiz;
			productName = iQuiz;
			productReference = DB1F13F9282AA2D200C86F43 /* iQuiz.app */;
			productType = "com.apple.product-type.application";
		};
		DB1F1408282AA2D400C86F43 /* iQuizTests */ = {
			isa = PBXNativeTarget;
			buildConfigurationList = DB1F1420282AA2D400C86F43 /* Build configuration list for PBXNativeTarget "iQuizTests" */;
			buildPhases = (
				DB1F1405282AA2D400C86F43 /* Sources */,
				DB1F1406282AA2D400C86F43 /* Frameworks */,
				DB1F1407282AA2D400C86F43 /* Resources */,
			);
			buildRules = (
			);
			dependencies = (
				DB1F140B282AA2D400C86F43 /* PBXTargetDependency */,
			);
			name = iQuizTests;
			productName = iQuizTests;
			productReference = DB1F1409282AA2D400C86F43 /* iQuizTests.xctest */;
			productType = "com.apple.product-type.bundle.unit-test";
		};
		DB1F1412282AA2D400C86F43 /* iQuizUITests */ = {
			isa = PBXNativeTarget;
			buildConfigurationList = DB1F1423282AA2D400C86F43 /* Build configuration list for PBXNativeTarget "iQuizUITests" */;
			buildPhases = (
				DB1F140F282AA2D400C86F43 /* Sources */,
				DB1F1410282AA2D400C86F43 /* Frameworks */,
				DB1F1411282AA2D400C86F43 /* Resources */,
			);
			buildRules = (
			);
			dependencies = (
				DB1F1415282AA2D400C86F43 /* PBXTargetDependency */,
			);
			name = iQuizUITests;
			productName = iQuizUITests;
			productReference = DB1F1413282AA2D400C86F43 /* iQuizUITests.xctest */;
			productType = "com.apple.product-type.bundle.ui-testing";
		};
/* End PBXNativeTarget section */

/* Begin PBXProject section */
		DB1F13F1282AA2D200C86F43 /* Project object */ = {
			isa = PBXProject;
			attributes = {
				BuildIndependentTargetsInParallel = 1;
				LastSwiftUpdateCheck = 1330;
				LastUpgradeCheck = 1330;
				TargetAttributes = {
					DB1F13F8282AA2D200C86F43 = {
						CreatedOnToolsVersion = 13.3;
					};
					DB1F1408282AA2D400C86F43 = {
						CreatedOnToolsVersion = 13.3;
						TestTargetID = DB1F13F8282AA2D200C86F43;
					};
					DB1F1412282AA2D400C86F43 = {
						CreatedOnToolsVersion = 13.3;
						TestTargetID = DB1F13F8282AA2D200C86F43;
					};
				};
			};
			buildConfigurationList = DB1F13F4282AA2D200C86F43 /* Build configuration list for PBXProject "iQuiz" */;
			compatibilityVersion = "Xcode 13.0";
			developmentRegion = en;
			hasScannedForEncodings = 0;
			knownRegions = (
				en,
				Base,
			);
			mainGroup = DB1F13F0282AA2D200C86F43;
			productRefGroup = DB1F13FA282AA2D200C86F43 /* Products */;
			projectDirPath = "";
			projectRoot = "";
			targets = (
				DB1F13F8282AA2D200C86F43 /* iQuiz */,
				DB1F1408282AA2D400C86F43 /* iQuizTests */,
				DB1F1412282AA2D400C86F43 /* iQuizUITests */,
			);
		};
/* End PBXProject section */

/* Begin PBXResourcesBuildPhase section */
		DB1F13F7282AA2D200C86F43 /* Resources */ = {
			isa = PBXResourcesBuildPhase;
			buildActionMask = 2147483647;
			files = (
				DB1F1404282AA2D400C86F43 /* Preview Assets.xcassets in Resources */,
				DB1F1401282AA2D400C86F43 /* Assets.xcassets in Resources */,
			);
			runOnlyForDeploymentPostprocessing = 0;
		};
		DB1F1407282AA2D400C86F43 /* Resources */ = {
			isa = PBXResourcesBuildPhase;
			buildActionMask = 2147483647;
			files = (
			);
			runOnlyForDeploymentPostprocessing = 0;
		};
		DB1F1411282AA2D400C86F43 /* Resources */ = {
			isa = PBXResourcesBuildPhase;
			buildActionMask = 2147483647;
			files = (
			);
			runOnlyForDeploymentPostprocessing = 0;
		};
/* End PBXResourcesBuildPhase section */

/* Begin PBXSourcesBuildPhase section */
		DB1F13F5282AA2D200C86F43 /* Sources */ = {
			isa = PBXSourcesBuildPhase;
			buildActionMask = 2147483647;
			files = (
				DB742A3A282D1F1000A53D8D /* Question.swift in Sources */,
				DB1F13FF282AA2D200C86F43 /* ContentView.swift in Sources */,
				DB742A3C282D1FFF00A53D8D /* Quzzies.swift in Sources */,
				DB742A3E282D35BD00A53D8D /* QuizView.swift in Sources */,
				DB742A40282D42B500A53D8D /* QuestionViews.swift in Sources */,
				DB1F13FD282AA2D200C86F43 /* iQuizApp.swift in Sources */,
				DB1F142E282AA4C500C86F43 /* TableQuizView.swift in Sources */,
				DB1F142A282AA41700C86F43 /* Quiz.swift in Sources */,
			);
			runOnlyForDeploymentPostprocessing = 0;
		};
		DB1F1405282AA2D400C86F43 /* Sources */ = {
			isa = PBXSourcesBuildPhase;
			buildActionMask = 2147483647;
			files = (
				DB1F140E282AA2D400C86F43 /* iQuizTests.swift in Sources */,
			);
			runOnlyForDeploymentPostprocessing = 0;
		};
		DB1F140F282AA2D400C86F43 /* Sources */ = {
			isa = PBXSourcesBuildPhase;
			buildActionMask = 2147483647;
			files = (
				DB1F1418282AA2D400C86F43 /* iQuizUITests.swift in Sources */,
				DB1F141A282AA2D400C86F43 /* iQuizUITestsLaunchTests.swift in Sources */,
			);
			runOnlyForDeploymentPostprocessing = 0;
		};
/* End PBXSourcesBuildPhase section */

/* Begin PBXTargetDependency section */
		DB1F140B282AA2D400C86F43 /* PBXTargetDependency */ = {
			isa = PBXTargetDependency;
			target = DB1F13F8282AA2D200C86F43 /* iQuiz */;
			targetProxy = DB1F140A282AA2D400C86F43 /* PBXContainerItemProxy */;
		};
		DB1F1415282AA2D400C86F43 /* PBXTargetDependency */ = {
			isa = PBXTargetDependency;
			target = DB1F13F8282AA2D200C86F43 /* iQuiz */;
			targetProxy = DB1F1414282AA2D400C86F43 /* PBXContainerItemProxy */;
		};
/* End PBXTargetDependency section */

/* Begin XCBuildConfiguration section */
		DB1F141B282AA2D400C86F43 /* Debug */ = {
			isa = XCBuildConfiguration;
			buildSettings = {
				ALWAYS_SEARCH_USER_PATHS = NO;
				CLANG_ANALYZER_NONNULL = YES;
				CLANG_ANALYZER_NUMBER_OBJECT_CONVERSION = YES_AGGRESSIVE;
				CLANG_CXX_LANGUAGE_STANDARD = "gnu++17";
				CLANG_ENABLE_MODULES = YES;
				CLANG_ENABLE_OBJC_ARC = YES;
				CLANG_ENABLE_OBJC_WEAK = YES;
				CLANG_WARN_BLOCK_CAPTURE_AUTORELEASING = YES;
				CLANG_WARN_BOOL_CONVERSION = YES;
				CLANG_WARN_COMMA = YES;
				CLANG_WARN_CONSTANT_CONVERSION = YES;
				CLANG_WARN_DEPRECATED_OBJC_IMPLEMENTATIONS = YES;
				CLANG_WARN_DIRECT_OBJC_ISA_USAGE = YES_ERROR;
				CLANG_WARN_DOCUMENTATION_COMMENTS = YES;
				CLANG_WARN_EMPTY_BODY = YES;
				CLANG_WARN_ENUM_CONVERSION = YES;
				CLANG_WARN_INFINITE_RECURSION = YES;
				CLANG_WARN_INT_CONVERSION = YES;
				CLANG_WARN_NON_LITERAL_NULL_CONVERSION = YES;
				CLANG_WARN_OBJC_IMPLICIT_RETAIN_SELF = YES;
				CLANG_WARN_OBJC_LITERAL_CONVERSION = YES;
				CLANG_WARN_OBJC_ROOT_CLASS = YES_ERROR;
				CLANG_WARN_QUOTED_INCLUDE_IN_FRAMEWORK_HEADER = YES;
				CLANG_WARN_RANGE_LOOP_ANALYSIS = YES;
				CLANG_WARN_STRICT_PROTOTYPES = YES;
				CLANG_WARN_SUSPICIOUS_MOVE = YES;
				CLANG_WARN_UNGUARDED_AVAILABILITY = YES_AGGRESSIVE;
				CLANG_WARN_UNREACHABLE_CODE = YES;
				CLANG_WARN__DUPLICATE_METHOD_MATCH = YES;
				COPY_PHASE_STRIP = NO;
				DEBUG_INFORMATION_FORMAT = dwarf;
				ENABLE_STRICT_OBJC_MSGSEND = YES;
				ENABLE_TESTABILITY = YES;
				GCC_C_LANGUAGE_STANDARD = gnu11;
				GCC_DYNAMIC_NO_PIC = NO;
				GCC_NO_COMMON_BLOCKS = YES;
				GCC_OPTIMIZATION_LEVEL = 0;
				GCC_PREPROCESSOR_DEFINITIONS = (
					"DEBUG=1",
					"$(inherited)",
				);
				GCC_WARN_64_TO_32_BIT_CONVERSION = YES;
				GCC_WARN_ABOUT_RETURN_TYPE = YES_ERROR;
				GCC_WARN_UNDECLARED_SELECTOR = YES;
				GCC_WARN_UNINITIALIZED_AUTOS = YES_AGGRESSIVE;
				GCC_WARN_UNUSED_FUNCTION = YES;
				GCC_WARN_UNUSED_VARIABLE = YES;
				IPHONEOS_DEPLOYMENT_TARGET = 15.4;
				MTL_ENABLE_DEBUG_INFO = INCLUDE_SOURCE;
				MTL_FAST_MATH = YES;
				ONLY_ACTIVE_ARCH = YES;
				SDKROOT = iphoneos;
				SWIFT_ACTIVE_COMPILATION_CONDITIONS = DEBUG;
				SWIFT_OPTIMIZATION_LEVEL = "-Onone";
			};
			name = Debug;
		};
		DB1F141C282AA2D400C86F43 /* Release */ = {
			isa = XCBuildConfiguration;
			buildSettings = {
				ALWAYS_SEARCH_USER_PATHS = NO;
				CLANG_ANALYZER_NONNULL = YES;
				CLANG_ANALYZER_NUMBER_OBJECT_CONVERSION = YES_AGGRESSIVE;
				CLANG_CXX_LANGUAGE_STANDARD = "gnu++17";
				CLANG_ENABLE_MODULES = YES;
				CLANG_ENABLE_OBJC_ARC = YES;
				CLANG_ENABLE_OBJC_WEAK = YES;
				CLANG_WARN_BLOCK_CAPTURE_AUTORELEASING = YES;
				CLANG_WARN_BOOL_CONVERSION = YES;
				CLANG_WARN_COMMA = YES;
				CLANG_WARN_CONSTANT_CONVERSION = YES;
				CLANG_WARN_DEPRECATED_OBJC_IMPLEMENTATIONS = YES;
				CLANG_WARN_DIRECT_OBJC_ISA_USAGE = YES_ERROR;
				CLANG_WARN_DOCUMENTATION_COMMENTS = YES;
				CLANG_WARN_EMPTY_BODY = YES;
				CLANG_WARN_ENUM_CONVERSION = YES;
				CLANG_WARN_INFINITE_RECURSION = YES;
				CLANG_WARN_INT_CONVERSION = YES;
				CLANG_WARN_NON_LITERAL_NULL_CONVERSION = YES;
				CLANG_WARN_OBJC_IMPLICIT_RETAIN_SELF = YES;
				CLANG_WARN_OBJC_LITERAL_CONVERSION = YES;
				CLANG_WARN_OBJC_ROOT_CLASS = YES_ERROR;
				CLANG_WARN_QUOTED_INCLUDE_IN_FRAMEWORK_HEADER = YES;
				CLANG_WARN_RANGE_LOOP_ANALYSIS = YES;
				CLANG_WARN_STRICT_PROTOTYPES = YES;
				CLANG_WARN_SUSPICIOUS_MOVE = YES;
				CLANG_WARN_UNGUARDED_AVAILABILITY = YES_AGGRESSIVE;
				CLANG_WARN_UNREACHABLE_CODE = YES;
				CLANG_WARN__DUPLICATE_METHOD_MATCH = YES;
				COPY_PHASE_STRIP = NO;
				DEBUG_INFORMATION_FORMAT = "dwarf-with-dsym";
				ENABLE_NS_ASSERTIONS = NO;
				ENABLE_STRICT_OBJC_MSGSEND = YES;
				GCC_C_LANGUAGE_STANDARD = gnu11;
				GCC_NO_COMMON_BLOCKS = YES;
				GCC_WARN_64_TO_32_BIT_CONVERSION = YES;
				GCC_WARN_ABOUT_RETURN_TYPE = YES_ERROR;
				GCC_WARN_UNDECLARED_SELECTOR = YES;
				GCC_WARN_UNINITIALIZED_AUTOS = YES_AGGRESSIVE;
				GCC_WARN_UNUSED_FUNCTION = YES;
				GCC_WARN_UNUSED_VARIABLE = YES;
				IPHONEOS_DEPLOYMENT_TARGET = 15.4;
				MTL_ENABLE_DEBUG_INFO = NO;
				MTL_FAST_MATH = YES;
				SDKROOT = iphoneos;
				SWIFT_COMPILATION_MODE = wholemodule;
				SWIFT_OPTIMIZATION_LEVEL = "-O";
				VALIDATE_PRODUCT = YES;
			};
			name = Release;
		};
		DB1F141E282AA2D400C86F43 /* Debug */ = {
			isa = XCBuildConfiguration;
			buildSettings = {
				ASSETCATALOG_COMPILER_APPICON_NAME = AppIcon;
				ASSETCATALOG_COMPILER_GLOBAL_ACCENT_COLOR_NAME = AccentColor;
				CODE_SIGN_STYLE = Automatic;
				CURRENT_PROJECT_VERSION = 1;
				DEVELOPMENT_ASSET_PATHS = "\"iQuiz/Preview Content\"";
				DEVELOPMENT_TEAM = 35HWH8998P;
				ENABLE_PREVIEWS = YES;
				GENERATE_INFOPLIST_FILE = YES;
				INFOPLIST_KEY_UIApplicationSceneManifest_Generation = YES;
				INFOPLIST_KEY_UIApplicationSupportsIndirectInputEvents = YES;
				INFOPLIST_KEY_UILaunchScreen_Generation = YES;
				INFOPLIST_KEY_UISupportedInterfaceOrientations_iPad = "UIInterfaceOrientationPortrait UIInterfaceOrientationPortraitUpsideDown UIInterfaceOrientationLandscapeLeft UIInterfaceOrientationLandscapeRight";
				INFOPLIST_KEY_UISupportedInterfaceOrientations_iPhone = "UIInterfaceOrientationPortrait UIInterfaceOrientationLandscapeLeft UIInterfaceOrientationLandscapeRight";
				LD_RUNPATH_SEARCH_PATHS = (
					"$(inherited)",
					"@executable_path/Frameworks",
				);
				MARKETING_VERSION = 1.0;
				PRODUCT_BUNDLE_IDENTIFIER = com.israelma.iQuiz;
				PRODUCT_NAME = "$(TARGET_NAME)";
				SWIFT_EMIT_LOC_STRINGS = YES;
				SWIFT_VERSION = 5.0;
				TARGETED_DEVICE_FAMILY = "1,2";
			};
			name = Debug;
		};
		DB1F141F282AA2D400C86F43 /* Release */ = {
			isa = XCBuildConfiguration;
			buildSettings = {
				ASSETCATALOG_COMPILER_APPICON_NAME = AppIcon;
				ASSETCATALOG_COMPILER_GLOBAL_ACCENT_COLOR_NAME = AccentColor;
				CODE_SIGN_STYLE = Automatic;
				CURRENT_PROJECT_VERSION = 1;
				DEVELOPMENT_ASSET_PATHS = "\"iQuiz/Preview Content\"";
				DEVELOPMENT_TEAM = 35HWH8998P;
				ENABLE_PREVIEWS = YES;
				GENERATE_INFOPLIST_FILE = YES;
				INFOPLIST_KEY_UIApplicationSceneManifest_Generation = YES;
				INFOPLIST_KEY_UIApplicationSupportsIndirectInputEvents = YES;
				INFOPLIST_KEY_UILaunchScreen_Generation = YES;
				INFOPLIST_KEY_UISupportedInterfaceOrientations_iPad = "UIInterfaceOrientationPortrait UIInterfaceOrientationPortraitUpsideDown UIInterfaceOrientationLandscapeLeft UIInterfaceOrientationLandscapeRight";
				INFOPLIST_KEY_UISupportedInterfaceOrientations_iPhone = "UIInterfaceOrientationPortrait UIInterfaceOrientationLandscapeLeft UIInterfaceOrientationLandscapeRight";
				LD_RUNPATH_SEARCH_PATHS = (
					"$(inherited)",
					"@executable_path/Frameworks",
				);
				MARKETING_VERSION = 1.0;
				PRODUCT_BUNDLE_IDENTIFIER = com.israelma.iQuiz;
				PRODUCT_NAME = "$(TARGET_NAME)";
				SWIFT_EMIT_LOC_STRINGS = YES;
				SWIFT_VERSION = 5.0;
				TARGETED_DEVICE_FAMILY = "1,2";
			};
			name = Release;
		};
		DB1F1421282AA2D400C86F43 /* Debug */ = {
			isa = XCBuildConfiguration;
			buildSettings = {
				ALWAYS_EMBED_SWIFT_STANDARD_LIBRARIES = YES;
				BUNDLE_LOADER = "$(TEST_HOST)";
				CODE_SIGN_STYLE = Automatic;
				CURRENT_PROJECT_VERSION = 1;
				DEVELOPMENT_TEAM = 35HWH8998P;
				GENERATE_INFOPLIST_FILE = YES;
				IPHONEOS_DEPLOYMENT_TARGET = 15.4;
				MARKETING_VERSION = 1.0;
				PRODUCT_BUNDLE_IDENTIFIER = com.israelma.iQuizTests;
				PRODUCT_NAME = "$(TARGET_NAME)";
				SWIFT_EMIT_LOC_STRINGS = NO;
				SWIFT_VERSION = 5.0;
				TARGETED_DEVICE_FAMILY = "1,2";
				TEST_HOST = "$(BUILT_PRODUCTS_DIR)/iQuiz.app/iQuiz";
			};
			name = Debug;
		};
		DB1F1422282AA2D400C86F43 /* Release */ = {
			isa = XCBuildConfiguration;
			buildSettings = {
				ALWAYS_EMBED_SWIFT_STANDARD_LIBRARIES = YES;
				BUNDLE_LOADER = "$(TEST_HOST)";
				CODE_SIGN_STYLE = Automatic;
				CURRENT_PROJECT_VERSION = 1;
				DEVELOPMENT_TEAM = 35HWH8998P;
				GENERATE_INFOPLIST_FILE = YES;
				IPHONEOS_DEPLOYMENT_TARGET = 15.4;
				MARKETING_VERSION = 1.0;
				PRODUCT_BUNDLE_IDENTIFIER = com.israelma.iQuizTests;
				PRODUCT_NAME = "$(TARGET_NAME)";
				SWIFT_EMIT_LOC_STRINGS = NO;
				SWIFT_VERSION = 5.0;
				TARGETED_DEVICE_FAMILY = "1,2";
				TEST_HOST = "$(BUILT_PRODUCTS_DIR)/iQuiz.app/iQuiz";
			};
			name = Release;
		};
		DB1F1424282AA2D400C86F43 /* Debug */ = {
			isa = XCBuildConfiguration;
			buildSettings = {
				ALWAYS_EMBED_SWIFT_STANDARD_LIBRARIES = YES;
				CODE_SIGN_STYLE = Automatic;
				CURRENT_PROJECT_VERSION = 1;
				DEVELOPMENT_TEAM = 35HWH8998P;
				GENERATE_INFOPLIST_FILE = YES;
				MARKETING_VERSION = 1.0;
				PRODUCT_BUNDLE_IDENTIFIER = com.israelma.iQuizUITests;
				PRODUCT_NAME = "$(TARGET_NAME)";
				SWIFT_EMIT_LOC_STRINGS = NO;
				SWIFT_VERSION = 5.0;
				TARGETED_DEVICE_FAMILY = "1,2";
				TEST_TARGET_NAME = iQuiz;
			};
			name = Debug;
		};
		DB1F1425282AA2D400C86F43 /* Release */ = {
			isa = XCBuildConfiguration;
			buildSettings = {
				ALWAYS_EMBED_SWIFT_STANDARD_LIBRARIES = YES;
				CODE_SIGN_STYLE = Automatic;
				CURRENT_PROJECT_VERSION = 1;
				DEVELOPMENT_TEAM = 35HWH8998P;
				GENERATE_INFOPLIST_FILE = YES;
				MARKETING_VERSION = 1.0;
				PRODUCT_BUNDLE_IDENTIFIER = com.israelma.iQuizUITests;
				PRODUCT_NAME = "$(TARGET_NAME)";
				SWIFT_EMIT_LOC_STRINGS = NO;
				SWIFT_VERSION = 5.0;
				TARGETED_DEVICE_FAMILY = "1,2";
				TEST_TARGET_NAME = iQuiz;
			};
			name = Release;
		};
/* End XCBuildConfiguration section */

/* Begin XCConfigurationList section */
		DB1F13F4282AA2D200C86F43 /* Build configuration list for PBXProject "iQuiz" */ = {
			isa = XCConfigurationList;
			buildConfigurations = (
				DB1F141B282AA2D400C86F43 /* Debug */,
				DB1F141C282AA2D400C86F43 /* Release */,
			);
			defaultConfigurationIsVisible = 0;
			defaultConfigurationName = Release;
		};
		DB1F141D282AA2D400C86F43 /* Build configuration list for PBXNativeTarget "iQuiz" */ = {
			isa = XCConfigurationList;
			buildConfigurations = (
				DB1F141E282AA2D400C86F43 /* Debug */,
				DB1F141F282AA2D400C86F43 /* Release */,
			);
			defaultConfigurationIsVisible = 0;
			defaultConfigurationName = Release;
		};
		DB1F1420282AA2D400C86F43 /* Build configuration list for PBXNativeTarget "iQuizTests" */ = {
			isa = XCConfigurationList;
			buildConfigurations = (
				DB1F1421282AA2D400C86F43 /* Debug */,
				DB1F1422282AA2D400C86F43 /* Release */,
			);
			defaultConfigurationIsVisible = 0;
			defaultConfigurationName = Release;
		};
		DB1F1423282AA2D400C86F43 /* Build configuration list for PBXNativeTarget "iQuizUITests" */ = {
			isa = XCConfigurationList;
			buildConfigurations = (
				DB1F1424282AA2D400C86F43 /* Debug */,
				DB1F1425282AA2D400C86F43 /* Release */,
			);
			defaultConfigurationIsVisible = 0;
			defaultConfigurationName = Release;
		};
/* End XCConfigurationList section */
	};
	rootObject = DB1F13F1282AA2D200C86F43 /* Project object */;
}
